
Microsoft Visual Studio Solution File, Format Version 12.00
# Visual Studio Version 16
VisualStudioVersion = 16.0.31624.102
MinimumVisualStudioVersion = 10.0.40219.1
Project("{2150E333-8FDC-42A3-9474-1A3956D46DE8}") = "ServerCodeGenerators", "ServerCodeGenerators", "{32CDA642-864F-466C-89A4-3D97AFA646B6}"
EndProject
Project("{9A19103F-16F7-4668-BE54-9A1E7A4F7556}") = "ProtobufSourceGenerator", "ServerCodeGenerators\ProtobufSourceGenerator\ProtobufSourceGenerator.csproj", "{A7FFC4C6-68BA-4645-9919-100B6220F8A0}"
EndProject
Project("{9A19103F-16F7-4668-BE54-9A1E7A4F7556}") = "ProtobufTargetGenerater", "ServerCodeGenerators\ProtobufTargetGenerater\ProtobufTargetGenerater.csproj", "{ED995A95-95C0-41C2-A09A-A9750525E462}"
	ProjectSection(ProjectDependencies) = postProject
		{A7FFC4C6-68BA-4645-9919-100B6220F8A0} = {A7FFC4C6-68BA-4645-9919-100B6220F8A0}
	EndProjectSection
EndProject
Project("{9A19103F-16F7-4668-BE54-9A1E7A4F7556}") = "AdamBitConverterCodeGenerator", "ServerCodeGenerators\AdamBitConverterCodeGenerator\AdamBitConverterCodeGenerator.csproj", "{DBBBB893-8FC0-40E4-B9D4-1DE4DF5846C1}"
	ProjectSection(ProjectDependencies) = postProject
		{ED995A95-95C0-41C2-A09A-A9750525E462} = {ED995A95-95C0-41C2-A09A-A9750525E462}
	EndProjectSection
EndProject
Project("{9A19103F-16F7-4668-BE54-9A1E7A4F7556}") = "ClientBot", "ClientBot\ClientBot.csproj", "{9E747B32-73CE-475F-AE31-48458A024670}"
EndProject
Project("{9A19103F-16F7-4668-BE54-9A1E7A4F7556}") = "GameServer", "GameServer\GameServer.csproj", "{4DC2891F-E108-4535-B284-DF5A1B6A4610}"
EndProject
Project("{9A19103F-16F7-4668-BE54-9A1E7A4F7556}") = "ServerLib", "ServerLib\ServerLib.csproj", "{BE559063-7938-4B0C-A2A8-28B3630BE51C}"
	ProjectSection(ProjectDependencies) = postProject
		{DBBBB893-8FC0-40E4-B9D4-1DE4DF5846C1} = {DBBBB893-8FC0-40E4-B9D4-1DE4DF5846C1}
	EndProjectSection
EndProject
Project("{2150E333-8FDC-42A3-9474-1A3956D46DE8}") = "3. AdamBitConverterGenerater", "3. AdamBitConverterGenerater", "{194A52E4-10F0-4071-96B0-3814847DBCC9}"
EndProject
Project("{2150E333-8FDC-42A3-9474-1A3956D46DE8}") = "2. ProtobufTargetGenerater", "2. ProtobufTargetGenerater", "{8EC53EE8-6B94-4FE6-853E-67F6776736AB}"
EndProject
Project("{2150E333-8FDC-42A3-9474-1A3956D46DE8}") = "1. ProtobufSourceGenerater", "1. ProtobufSourceGenerater", "{81B80295-C738-4131-B2B0-E7E5C4F94DAE}"
EndProject
Global
	GlobalSection(SolutionConfigurationPlatforms) = preSolution
		Debug|Any CPU = Debug|Any CPU
		Release|Any CPU = Release|Any CPU
	EndGlobalSection
	GlobalSection(ProjectConfigurationPlatforms) = postSolution
		{A7FFC4C6-68BA-4645-9919-100B6220F8A0}.Debug|Any CPU.ActiveCfg = Debug|Any CPU
		{A7FFC4C6-68BA-4645-9919-100B6220F8A0}.Debug|Any CPU.Build.0 = Debug|Any CPU
		{A7FFC4C6-68BA-4645-9919-100B6220F8A0}.Release|Any CPU.ActiveCfg = Release|Any CPU
		{A7FFC4C6-68BA-4645-9919-100B6220F8A0}.Release|Any CPU.Build.0 = Release|Any CPU
		{ED995A95-95C0-41C2-A09A-A9750525E462}.Debug|Any CPU.ActiveCfg = Debug|Any CPU
		{ED995A95-95C0-41C2-A09A-A9750525E462}.Debug|Any CPU.Build.0 = Debug|Any CPU
		{ED995A95-95C0-41C2-A09A-A9750525E462}.Release|Any CPU.ActiveCfg = Release|Any CPU
		{ED995A95-95C0-41C2-A09A-A9750525E462}.Release|Any CPU.Build.0 = Release|Any CPU
		{DBBBB893-8FC0-40E4-B9D4-1DE4DF5846C1}.Debug|Any CPU.ActiveCfg = Debug|Any CPU
		{DBBBB893-8FC0-40E4-B9D4-1DE4DF5846C1}.Debug|Any CPU.Build.0 = Debug|Any CPU
		{DBBBB893-8FC0-40E4-B9D4-1DE4DF5846C1}.Release|Any CPU.ActiveCfg = Release|Any CPU
		{DBBBB893-8FC0-40E4-B9D4-1DE4DF5846C1}.Release|Any CPU.Build.0 = Release|Any CPU
		{9E747B32-73CE-475F-AE31-48458A024670}.Debug|Any CPU.ActiveCfg = Debug|Any CPU
		{9E747B32-73CE-475F-AE31-48458A024670}.Debug|Any CPU.Build.0 = Debug|Any CPU
		{9E747B32-73CE-475F-AE31-48458A024670}.Release|Any CPU.ActiveCfg = Release|Any CPU
		{9E747B32-73CE-475F-AE31-48458A024670}.Release|Any CPU.Build.0 = Release|Any CPU
		{4DC2891F-E108-4535-B284-DF5A1B6A4610}.Debug|Any CPU.ActiveCfg = Debug|Any CPU
		{4DC2891F-E108-4535-B284-DF5A1B6A4610}.Debug|Any CPU.Build.0 = Debug|Any CPU
		{4DC2891F-E108-4535-B284-DF5A1B6A4610}.Release|Any CPU.ActiveCfg = Release|Any CPU
		{4DC2891F-E108-4535-B284-DF5A1B6A4610}.Release|Any CPU.Build.0 = Release|Any CPU
		{BE559063-7938-4B0C-A2A8-28B3630BE51C}.Debug|Any CPU.ActiveCfg = Debug|Any CPU
		{BE559063-7938-4B0C-A2A8-28B3630BE51C}.Debug|Any CPU.Build.0 = Debug|Any CPU
		{BE559063-7938-4B0C-A2A8-28B3630BE51C}.Release|Any CPU.ActiveCfg = Release|Any CPU
		{BE559063-7938-4B0C-A2A8-28B3630BE51C}.Release|Any CPU.Build.0 = Release|Any CPU
	EndGlobalSection
	GlobalSection(SolutionProperties) = preSolution
		HideSolutionNode = FALSE
	EndGlobalSection
	GlobalSection(NestedProjects) = preSolution
		{A7FFC4C6-68BA-4645-9919-100B6220F8A0} = {81B80295-C738-4131-B2B0-E7E5C4F94DAE}
		{ED995A95-95C0-41C2-A09A-A9750525E462} = {8EC53EE8-6B94-4FE6-853E-67F6776736AB}
		{DBBBB893-8FC0-40E4-B9D4-1DE4DF5846C1} = {194A52E4-10F0-4071-96B0-3814847DBCC9}
		{194A52E4-10F0-4071-96B0-3814847DBCC9} = {32CDA642-864F-466C-89A4-3D97AFA646B6}
		{8EC53EE8-6B94-4FE6-853E-67F6776736AB} = {32CDA642-864F-466C-89A4-3D97AFA646B6}
		{81B80295-C738-4131-B2B0-E7E5C4F94DAE} = {32CDA642-864F-466C-89A4-3D97AFA646B6}
	EndGlobalSection
	GlobalSection(ExtensibilityGlobals) = postSolution
		SolutionGuid = {27AC8BDA-6138-4B69-B868-804586CC4E0C}
	EndGlobalSection
EndGlobal
